
Microsoft Visual Studio Solution File, Format Version 12.00
# Visual Studio 14
VisualStudioVersion = 14.0.25123.0
MinimumVisualStudioVersion = 10.0.40219.1
Project("{FAE04EC0-301F-11D3-BF4B-00C04F79EFBC}") = "ReflexReplayParser", "ReflexReplayParser\ReflexReplayParser.csproj", "{81E01716-A6DA-4DCD-854A-37D9A5C3C819}"
EndProject
Project("{FAE04EC0-301F-11D3-BF4B-00C04F79EFBC}") = "ReflexReplayParserTests", "ReflexReplayParserTests\ReflexReplayParserTests.csproj", "{096F64E7-BA38-4595-988C-60978ED6C5BF}"
EndProject
Project("{FAE04EC0-301F-11D3-BF4B-00C04F79EFBC}") = "ReplayUploader", "ReplayUploader\ReplayUploader.csproj", "{85B719CF-15D3-480F-ADC1-5389BAC931A6}"
EndProject
Global
	GlobalSection(SolutionConfigurationPlatforms) = preSolution
		Debug|Any CPU = Debug|Any CPU
		Release|Any CPU = Release|Any CPU
	EndGlobalSection
	GlobalSection(ProjectConfigurationPlatforms) = postSolution
		{81E01716-A6DA-4DCD-854A-37D9A5C3C819}.Debug|Any CPU.ActiveCfg = Debug|Any CPU
		{81E01716-A6DA-4DCD-854A-37D9A5C3C819}.Debug|Any CPU.Build.0 = Debug|Any CPU
		{81E01716-A6DA-4DCD-854A-37D9A5C3C819}.Release|Any CPU.ActiveCfg = Release|Any CPU
		{81E01716-A6DA-4DCD-854A-37D9A5C3C819}.Release|Any CPU.Build.0 = Release|Any CPU
		{096F64E7-BA38-4595-988C-60978ED6C5BF}.Debug|Any CPU.ActiveCfg = Debug|Any CPU
		{096F64E7-BA38-4595-988C-60978ED6C5BF}.Debug|Any CPU.Build.0 = Debug|Any CPU
		{096F64E7-BA38-4595-988C-60978ED6C5BF}.Release|Any CPU.ActiveCfg = Release|Any CPU
		{096F64E7-BA38-4595-988C-60978ED6C5BF}.Release|Any CPU.Build.0 = Release|Any CPU
		{85B719CF-15D3-480F-ADC1-5389BAC931A6}.Debug|Any CPU.ActiveCfg = Debug|Any CPU
		{85B719CF-15D3-480F-ADC1-5389BAC931A6}.Debug|Any CPU.Build.0 = Debug|Any CPU
		{85B719CF-15D3-480F-ADC1-5389BAC931A6}.Release|Any CPU.ActiveCfg = Release|Any CPU
		{85B719CF-15D3-480F-ADC1-5389BAC931A6}.Release|Any CPU.Build.0 = Release|Any CPU
	EndGlobalSection
	GlobalSection(SolutionProperties) = preSolution
		HideSolutionNode = FALSE
	EndGlobalSection
EndGlobal
